
Microsoft Visual Studio Solution File, Format Version 12.00
# Visual Studio Version 17
VisualStudioVersion = 17.9.34728.123
MinimumVisualStudioVersion = 10.0.40219.1
Project("{9A19103F-16F7-4668-BE54-9A1E7A4F7556}") = "Nickel.AI.CsvLoader", "Examples\Nickel.AI.CsvLoader\Nickel.AI.CsvLoader.csproj", "{2A3BCA1C-D0EF-414F-81C2-2A9428352AC5}"
EndProject
Project("{9A19103F-16F7-4668-BE54-9A1E7A4F7556}") = "Nickel.AI.SemanticChat", "Examples\Nickel.AI.SemanticChat\Nickel.AI.SemanticChat.csproj", "{9A233471-7A0B-4745-B0AA-016008D53CFB}"
EndProject
Project("{9A19103F-16F7-4668-BE54-9A1E7A4F7556}") = "Nickel.AI.Embedder", "Examples\Nickel.AI.Embedder\Nickel.AI.Embedder.csproj", "{3DC74338-43CA-4CB4-80E8-CD509E1A50CA}"
EndProject
Project("{9A19103F-16F7-4668-BE54-9A1E7A4F7556}") = "Nickel.AI.TextExtraction", "Examples\Nickel.AI.TextExtractor\Nickel.AI.TextExtraction.csproj", "{77ECB048-FD25-44F9-A951-CCF0E090AFF9}"
EndProject
Project("{9A19103F-16F7-4668-BE54-9A1E7A4F7556}") = "Nickel.AI", "Nickel.AI\Nickel.AI.csproj", "{3BCAB649-E640-4208-9956-C0A4019A3D13}"
EndProject
Project("{9A19103F-16F7-4668-BE54-9A1E7A4F7556}") = "Nickel.AI.TextTokenizer", "Examples\Nickel.AI.TextTokenizer\Nickel.AI.TextTokenizer.csproj", "{47207593-4B9E-4315-8368-8734E10C6202}"
EndProject
Project("{9A19103F-16F7-4668-BE54-9A1E7A4F7556}") = "Nickel.AI.SimilaritySearch", "Examples\Nickel.AI.SimilaritySearch\Nickel.AI.SimilaritySearch.csproj", "{E99B15F2-70B5-4CA4-9B0B-EB8C38A512BD}"
EndProject
Project("{9A19103F-16F7-4668-BE54-9A1E7A4F7556}") = "Nickel.AI.BasicRAG", "Examples\Nickel.AI.BasicRAG\Nickel.AI.BasicRAG.csproj", "{53DE57CF-3DB0-4D11-9440-61A62260DBAF}"
EndProject
Project("{9A19103F-16F7-4668-BE54-9A1E7A4F7556}") = "Nickel.AI.LogicTest", "Examples\Nickel.AI.LogicTest\Nickel.AI.LogicTest.csproj", "{F552AC88-95FD-46E8-8908-9161AA11D252}"
EndProject
Project("{9A19103F-16F7-4668-BE54-9A1E7A4F7556}") = "Nickel.AI.DataDiscovery", "Examples\Nickel.AI.DataDiscovery\Nickel.AI.DataDiscovery.csproj", "{49D08735-0F08-42A5-B6AC-C8DEE3D20BB8}"
EndProject
Project("{9A19103F-16F7-4668-BE54-9A1E7A4F7556}") = "Nickel.AI.Desktop", "Nickel.AI.Desktop\Nickel.AI.Desktop.csproj", "{034D5C7A-4A92-4D46-8C40-9E4C59BBB4C4}"
EndProject
Project("{888888A0-9F3D-457C-B088-3A5042F75D52}") = "HuggingFaceWalkthrough", "HuggingFaceWalkthrough\HuggingFaceWalkthrough.pyproj", "{014584C1-1E10-4F52-88E1-37200196E392}"
EndProject
Global
	GlobalSection(SolutionConfigurationPlatforms) = preSolution
		Debug|Any CPU = Debug|Any CPU
		Release|Any CPU = Release|Any CPU
	EndGlobalSection
	GlobalSection(ProjectConfigurationPlatforms) = postSolution
		{2A3BCA1C-D0EF-414F-81C2-2A9428352AC5}.Debug|Any CPU.ActiveCfg = Debug|Any CPU
		{2A3BCA1C-D0EF-414F-81C2-2A9428352AC5}.Debug|Any CPU.Build.0 = Debug|Any CPU
		{2A3BCA1C-D0EF-414F-81C2-2A9428352AC5}.Release|Any CPU.ActiveCfg = Release|Any CPU
		{2A3BCA1C-D0EF-414F-81C2-2A9428352AC5}.Release|Any CPU.Build.0 = Release|Any CPU
		{9A233471-7A0B-4745-B0AA-016008D53CFB}.Debug|Any CPU.ActiveCfg = Debug|Any CPU
		{9A233471-7A0B-4745-B0AA-016008D53CFB}.Debug|Any CPU.Build.0 = Debug|Any CPU
		{9A233471-7A0B-4745-B0AA-016008D53CFB}.Release|Any CPU.ActiveCfg = Release|Any CPU
		{9A233471-7A0B-4745-B0AA-016008D53CFB}.Release|Any CPU.Build.0 = Release|Any CPU
		{3DC74338-43CA-4CB4-80E8-CD509E1A50CA}.Debug|Any CPU.ActiveCfg = Debug|Any CPU
		{3DC74338-43CA-4CB4-80E8-CD509E1A50CA}.Debug|Any CPU.Build.0 = Debug|Any CPU
		{3DC74338-43CA-4CB4-80E8-CD509E1A50CA}.Release|Any CPU.ActiveCfg = Release|Any CPU
		{3DC74338-43CA-4CB4-80E8-CD509E1A50CA}.Release|Any CPU.Build.0 = Release|Any CPU
		{77ECB048-FD25-44F9-A951-CCF0E090AFF9}.Debug|Any CPU.ActiveCfg = Debug|Any CPU
		{77ECB048-FD25-44F9-A951-CCF0E090AFF9}.Debug|Any CPU.Build.0 = Debug|Any CPU
		{77ECB048-FD25-44F9-A951-CCF0E090AFF9}.Release|Any CPU.ActiveCfg = Release|Any CPU
		{77ECB048-FD25-44F9-A951-CCF0E090AFF9}.Release|Any CPU.Build.0 = Release|Any CPU
		{3BCAB649-E640-4208-9956-C0A4019A3D13}.Debug|Any CPU.ActiveCfg = Debug|Any CPU
		{3BCAB649-E640-4208-9956-C0A4019A3D13}.Debug|Any CPU.Build.0 = Debug|Any CPU
		{3BCAB649-E640-4208-9956-C0A4019A3D13}.Release|Any CPU.ActiveCfg = Release|Any CPU
		{3BCAB649-E640-4208-9956-C0A4019A3D13}.Release|Any CPU.Build.0 = Release|Any CPU
		{47207593-4B9E-4315-8368-8734E10C6202}.Debug|Any CPU.ActiveCfg = Debug|Any CPU
		{47207593-4B9E-4315-8368-8734E10C6202}.Debug|Any CPU.Build.0 = Debug|Any CPU
		{47207593-4B9E-4315-8368-8734E10C6202}.Release|Any CPU.ActiveCfg = Release|Any CPU
		{47207593-4B9E-4315-8368-8734E10C6202}.Release|Any CPU.Build.0 = Release|Any CPU
		{E99B15F2-70B5-4CA4-9B0B-EB8C38A512BD}.Debug|Any CPU.ActiveCfg = Debug|Any CPU
		{E99B15F2-70B5-4CA4-9B0B-EB8C38A512BD}.Debug|Any CPU.Build.0 = Debug|Any CPU
		{E99B15F2-70B5-4CA4-9B0B-EB8C38A512BD}.Release|Any CPU.ActiveCfg = Release|Any CPU
		{E99B15F2-70B5-4CA4-9B0B-EB8C38A512BD}.Release|Any CPU.Build.0 = Release|Any CPU
		{53DE57CF-3DB0-4D11-9440-61A62260DBAF}.Debug|Any CPU.ActiveCfg = Debug|Any CPU
		{53DE57CF-3DB0-4D11-9440-61A62260DBAF}.Debug|Any CPU.Build.0 = Debug|Any CPU
		{53DE57CF-3DB0-4D11-9440-61A62260DBAF}.Release|Any CPU.ActiveCfg = Release|Any CPU
		{53DE57CF-3DB0-4D11-9440-61A62260DBAF}.Release|Any CPU.Build.0 = Release|Any CPU
		{F552AC88-95FD-46E8-8908-9161AA11D252}.Debug|Any CPU.ActiveCfg = Debug|Any CPU
		{F552AC88-95FD-46E8-8908-9161AA11D252}.Debug|Any CPU.Build.0 = Debug|Any CPU
		{F552AC88-95FD-46E8-8908-9161AA11D252}.Release|Any CPU.ActiveCfg = Release|Any CPU
		{F552AC88-95FD-46E8-8908-9161AA11D252}.Release|Any CPU.Build.0 = Release|Any CPU
		{49D08735-0F08-42A5-B6AC-C8DEE3D20BB8}.Debug|Any CPU.ActiveCfg = Debug|Any CPU
		{49D08735-0F08-42A5-B6AC-C8DEE3D20BB8}.Debug|Any CPU.Build.0 = Debug|Any CPU
		{49D08735-0F08-42A5-B6AC-C8DEE3D20BB8}.Release|Any CPU.ActiveCfg = Release|Any CPU
		{49D08735-0F08-42A5-B6AC-C8DEE3D20BB8}.Release|Any CPU.Build.0 = Release|Any CPU
		{034D5C7A-4A92-4D46-8C40-9E4C59BBB4C4}.Debug|Any CPU.ActiveCfg = Debug|Any CPU
		{034D5C7A-4A92-4D46-8C40-9E4C59BBB4C4}.Debug|Any CPU.Build.0 = Debug|Any CPU
		{034D5C7A-4A92-4D46-8C40-9E4C59BBB4C4}.Release|Any CPU.ActiveCfg = Release|Any CPU
		{034D5C7A-4A92-4D46-8C40-9E4C59BBB4C4}.Release|Any CPU.Build.0 = Release|Any CPU
		{014584C1-1E10-4F52-88E1-37200196E392}.Debug|Any CPU.ActiveCfg = Debug|Any CPU
		{014584C1-1E10-4F52-88E1-37200196E392}.Release|Any CPU.ActiveCfg = Release|Any CPU
	EndGlobalSection
	GlobalSection(SolutionProperties) = preSolution
		HideSolutionNode = FALSE
	EndGlobalSection
	GlobalSection(ExtensibilityGlobals) = postSolution
		SolutionGuid = {B6297E4E-C177-4709-A874-9B06039D8376}
	EndGlobalSection
EndGlobal
